
Microsoft Visual Studio Solution File, Format Version 12.00
# Visual Studio Version 17
VisualStudioVersion = 17.8.34004.107
MinimumVisualStudioVersion = 10.0.40219.1
Project("{9A19103F-16F7-4668-BE54-9A1E7A4F7556}") = "DAL", "DAL\DAL.csproj", "{B44792C3-3C3D-4B74-9353-DFD6F9D65E0E}"
EndProject
Project("{9A19103F-16F7-4668-BE54-9A1E7A4F7556}") = "Domain", "Domain\Domain.csproj", "{6563CB4D-4715-437D-9AC8-60A24152141E}"
EndProject
Project("{FAE04EC0-301F-11D3-BF4B-00C04F79EFBC}") = "WebApplicationEFDemo", "WebApplicationEFDEmo\WebApplicationEFDemo.csproj", "{5EBF26E7-0288-4472-8A9E-AADC780364CC}"
EndProject
Global
	GlobalSection(SolutionConfigurationPlatforms) = preSolution
		Debug|Any CPU = Debug|Any CPU
		Release|Any CPU = Release|Any CPU
	EndGlobalSection
	GlobalSection(ProjectConfigurationPlatforms) = postSolution
		{B44792C3-3C3D-4B74-9353-DFD6F9D65E0E}.Debug|Any CPU.ActiveCfg = Debug|Any CPU
		{B44792C3-3C3D-4B74-9353-DFD6F9D65E0E}.Debug|Any CPU.Build.0 = Debug|Any CPU
		{B44792C3-3C3D-4B74-9353-DFD6F9D65E0E}.Release|Any CPU.ActiveCfg = Release|Any CPU
		{B44792C3-3C3D-4B74-9353-DFD6F9D65E0E}.Release|Any CPU.Build.0 = Release|Any CPU
		{6563CB4D-4715-437D-9AC8-60A24152141E}.Debug|Any CPU.ActiveCfg = Debug|Any CPU
		{6563CB4D-4715-437D-9AC8-60A24152141E}.Debug|Any CPU.Build.0 = Debug|Any CPU
		{6563CB4D-4715-437D-9AC8-60A24152141E}.Release|Any CPU.ActiveCfg = Release|Any CPU
		{6563CB4D-4715-437D-9AC8-60A24152141E}.Release|Any CPU.Build.0 = Release|Any CPU
		{5EBF26E7-0288-4472-8A9E-AADC780364CC}.Debug|Any CPU.ActiveCfg = Debug|Any CPU
		{5EBF26E7-0288-4472-8A9E-AADC780364CC}.Debug|Any CPU.Build.0 = Debug|Any CPU
		{5EBF26E7-0288-4472-8A9E-AADC780364CC}.Release|Any CPU.ActiveCfg = Release|Any CPU
		{5EBF26E7-0288-4472-8A9E-AADC780364CC}.Release|Any CPU.Build.0 = Release|Any CPU
	EndGlobalSection
	GlobalSection(SolutionProperties) = preSolution
		HideSolutionNode = FALSE
	EndGlobalSection
	GlobalSection(ExtensibilityGlobals) = postSolution
		SolutionGuid = {4872E6AE-4D7C-4C37-AEDC-B8D4ED6FC869}
	EndGlobalSection
EndGlobal
