
Microsoft Visual Studio Solution File, Format Version 12.00
# Visual Studio Version 16
VisualStudioVersion = 16.0.31624.102
MinimumVisualStudioVersion = 10.0.40219.1
Project("{9A19103F-16F7-4668-BE54-9A1E7A4F7556}") = "WebApplication5", "WebApplication5\WebApplication5.csproj", "{DA24C422-0E49-4098-BC39-C1126CC73028}"
EndProject
Project("{9A19103F-16F7-4668-BE54-9A1E7A4F7556}") = "DAL", "DAL\DAL.csproj", "{B44792C3-3C3D-4B74-9353-DFD6F9D65E0E}"
EndProject
Project("{9A19103F-16F7-4668-BE54-9A1E7A4F7556}") = "Domain", "Domain\Domain.csproj", "{6563CB4D-4715-437D-9AC8-60A24152141E}"
EndProject
Global
	GlobalSection(SolutionConfigurationPlatforms) = preSolution
		Debug|Any CPU = Debug|Any CPU
		Release|Any CPU = Release|Any CPU
	EndGlobalSection
	GlobalSection(ProjectConfigurationPlatforms) = postSolution
		{DA24C422-0E49-4098-BC39-C1126CC73028}.Debug|Any CPU.ActiveCfg = Debug|Any CPU
		{DA24C422-0E49-4098-BC39-C1126CC73028}.Debug|Any CPU.Build.0 = Debug|Any CPU
		{DA24C422-0E49-4098-BC39-C1126CC73028}.Release|Any CPU.ActiveCfg = Release|Any CPU
		{DA24C422-0E49-4098-BC39-C1126CC73028}.Release|Any CPU.Build.0 = Release|Any CPU
		{B44792C3-3C3D-4B74-9353-DFD6F9D65E0E}.Debug|Any CPU.ActiveCfg = Debug|Any CPU
		{B44792C3-3C3D-4B74-9353-DFD6F9D65E0E}.Debug|Any CPU.Build.0 = Debug|Any CPU
		{B44792C3-3C3D-4B74-9353-DFD6F9D65E0E}.Release|Any CPU.ActiveCfg = Release|Any CPU
		{B44792C3-3C3D-4B74-9353-DFD6F9D65E0E}.Release|Any CPU.Build.0 = Release|Any CPU
		{6563CB4D-4715-437D-9AC8-60A24152141E}.Debug|Any CPU.ActiveCfg = Debug|Any CPU
		{6563CB4D-4715-437D-9AC8-60A24152141E}.Debug|Any CPU.Build.0 = Debug|Any CPU
		{6563CB4D-4715-437D-9AC8-60A24152141E}.Release|Any CPU.ActiveCfg = Release|Any CPU
		{6563CB4D-4715-437D-9AC8-60A24152141E}.Release|Any CPU.Build.0 = Release|Any CPU
	EndGlobalSection
	GlobalSection(SolutionProperties) = preSolution
		HideSolutionNode = FALSE
	EndGlobalSection
	GlobalSection(ExtensibilityGlobals) = postSolution
		SolutionGuid = {4872E6AE-4D7C-4C37-AEDC-B8D4ED6FC869}
	EndGlobalSection
EndGlobal
